
Microsoft Visual Studio Solution File, Format Version 12.00
# Visual Studio Version 17
VisualStudioVersion = 17.1.32210.238
MinimumVisualStudioVersion = 10.0.40219.1
Project("{FAE04EC0-301F-11D3-BF4B-00C04F79EFBC}") = "FirstWebApp", "FirstWebApp\FirstWebApp.csproj", "{6B1FD23F-5F9F-42CD-84B3-579302317AE4}"
EndProject
Global
	GlobalSection(SolutionConfigurationPlatforms) = preSolution
		Debug|Any CPU = Debug|Any CPU
		Release|Any CPU = Release|Any CPU
	EndGlobalSection
	GlobalSection(ProjectConfigurationPlatforms) = postSolution
		{6B1FD23F-5F9F-42CD-84B3-579302317AE4}.Debug|Any CPU.ActiveCfg = Debug|Any CPU
		{6B1FD23F-5F9F-42CD-84B3-579302317AE4}.Debug|Any CPU.Build.0 = Debug|Any CPU
		{6B1FD23F-5F9F-42CD-84B3-579302317AE4}.Release|Any CPU.ActiveCfg = Release|Any CPU
		{6B1FD23F-5F9F-42CD-84B3-579302317AE4}.Release|Any CPU.Build.0 = Release|Any CPU
	EndGlobalSection
	GlobalSection(SolutionProperties) = preSolution
		HideSolutionNode = FALSE
	EndGlobalSection
	GlobalSection(ExtensibilityGlobals) = postSolution
		SolutionGuid = {37E45513-95CD-4025-AEBE-8D43105F17F5}
	EndGlobalSection
EndGlobal
