
Microsoft Visual Studio Solution File, Format Version 12.00
# Visual Studio Version 17
VisualStudioVersion = 17.0.32014.148
MinimumVisualStudioVersion = 10.0.40219.1
Project("{FAE04EC0-301F-11D3-BF4B-00C04F79EFBC}") = "DatabaseFirstDemo", "DatabaseFirstDemo\DatabaseFirstDemo.csproj", "{4DA1159A-92D7-4E94-952E-2AFCCA8DE053}"
EndProject
Global
	GlobalSection(SolutionConfigurationPlatforms) = preSolution
		Debug|Any CPU = Debug|Any CPU
		Release|Any CPU = Release|Any CPU
	EndGlobalSection
	GlobalSection(ProjectConfigurationPlatforms) = postSolution
		{4DA1159A-92D7-4E94-952E-2AFCCA8DE053}.Debug|Any CPU.ActiveCfg = Debug|Any CPU
		{4DA1159A-92D7-4E94-952E-2AFCCA8DE053}.Debug|Any CPU.Build.0 = Debug|Any CPU
		{4DA1159A-92D7-4E94-952E-2AFCCA8DE053}.Release|Any CPU.ActiveCfg = Release|Any CPU
		{4DA1159A-92D7-4E94-952E-2AFCCA8DE053}.Release|Any CPU.Build.0 = Release|Any CPU
	EndGlobalSection
	GlobalSection(SolutionProperties) = preSolution
		HideSolutionNode = FALSE
	EndGlobalSection
	GlobalSection(ExtensibilityGlobals) = postSolution
		SolutionGuid = {74D58452-7567-4686-AD31-E3C1B9F02CD7}
	EndGlobalSection
EndGlobal
